
Microsoft Visual Studio Solution File, Format Version 12.00
# Visual Studio Version 17
VisualStudioVersion = 17.2.32630.192
MinimumVisualStudioVersion = 10.0.40219.1
Project("{2150E333-8FDC-42A3-9474-1A3956D46DE8}") = "Services", "Services", "{3EF9DBFE-7771-49D0-8608-32B3F048C744}"
EndProject
Project("{2150E333-8FDC-42A3-9474-1A3956D46DE8}") = "Catalog", "Catalog", "{86535F32-45D9-4413-9C15-B398A72CB338}"
EndProject
Project("{9A19103F-16F7-4668-BE54-9A1E7A4F7556}") = "Catalog.API", "Services\Catalog\Catalog.API\Catalog.API.csproj", "{22330E9A-A132-4075-9C6B-B8FDD2424323}"
EndProject
Project("{E53339B2-1760-4266-BCC7-CA923CBCF16C}") = "docker-compose", "docker-compose.dcproj", "{1CEB3580-1B0D-4268-B842-F5B1354628CE}"
EndProject
Project("{2150E333-8FDC-42A3-9474-1A3956D46DE8}") = "Basket", "Basket", "{874C08E8-3EB2-4AE1-AAC4-4678969D61F3}"
EndProject
Project("{9A19103F-16F7-4668-BE54-9A1E7A4F7556}") = "Basket.API", "Services\Basket\Basket.API\Basket.API.csproj", "{4426E47E-A2EA-45D3-AD8B-991165C1E1AA}"
EndProject
Project("{2150E333-8FDC-42A3-9474-1A3956D46DE8}") = "Discount", "Discount", "{711D5739-8879-481F-AC18-C94AFC4C0495}"
EndProject
Project("{9A19103F-16F7-4668-BE54-9A1E7A4F7556}") = "Discount.API", "Services\Discount\Discount.API\Discount.API.csproj", "{9A766B9D-5CFB-423A-B4EB-2EA2099799F4}"
EndProject
Project("{9A19103F-16F7-4668-BE54-9A1E7A4F7556}") = "Discount.Grpc", "Services\Discount\Discount.Grpc\Discount.Grpc.csproj", "{4F9BD333-6675-4930-A950-6C9E17D80A5C}"
EndProject
Project("{2150E333-8FDC-42A3-9474-1A3956D46DE8}") = "Ordering", "Ordering", "{63044D91-9D3C-46F8-8995-A7E1B62BF517}"
EndProject
Project("{9A19103F-16F7-4668-BE54-9A1E7A4F7556}") = "Ordering.API", "Services\Ordering\Ordering.API\Ordering.API.csproj", "{3C15B7AC-F574-43E3-8004-C03468093AA8}"
EndProject
Project("{9A19103F-16F7-4668-BE54-9A1E7A4F7556}") = "Ordering.Domain", "Services\Ordering\Ordering.Domain\Ordering.Domain.csproj", "{A6896007-3169-4508-8F37-4ECAF14E48C7}"
EndProject
Project("{9A19103F-16F7-4668-BE54-9A1E7A4F7556}") = "Ordering.Application", "Services\Ordering\Ordering.Application\Ordering.Application.csproj", "{C93093A4-FBE3-4CC8-BB60-398B1CC73A51}"
EndProject
Project("{9A19103F-16F7-4668-BE54-9A1E7A4F7556}") = "Ordering.Infrastructure", "Services\Ordering\Ordering.Infrastructure\Ordering.Infrastructure.csproj", "{4B4C5BA8-50EE-4260-BAFF-AE84D0EC3567}"
EndProject
Project("{2150E333-8FDC-42A3-9474-1A3956D46DE8}") = "BuildingBlocks", "BuildingBlocks", "{FD14C3A4-68B6-4F57-BB79-73E35BFA90C3}"
EndProject
Project("{9A19103F-16F7-4668-BE54-9A1E7A4F7556}") = "EventBus.Messages", "BuildingBlocks\EventBus.Messages\EventBus.Messages.csproj", "{C03714FC-2E7A-420F-9D0E-16AF02EEDDA1}"
EndProject
Project("{2150E333-8FDC-42A3-9474-1A3956D46DE8}") = "ApiGateways", "ApiGateways", "{6278318E-DD58-4041-9A8C-8D6E99EA1391}"
EndProject
Project("{9A19103F-16F7-4668-BE54-9A1E7A4F7556}") = "OcelotApiGw", "ApiGateways\OcelotApiGw\OcelotApiGw.csproj", "{AF2A1884-5B67-4CD6-990C-9E097D3B0E33}"
EndProject
Project("{FAE04EC0-301F-11D3-BF4B-00C04F79EFBC}") = "Shopping.Aggregator", "ApiGateways\Shopping.Aggregator\Shopping.Aggregator.csproj", "{2F56AED6-ADE2-476E-93BF-F49BA5C43C24}"
EndProject
Global
	GlobalSection(SolutionConfigurationPlatforms) = preSolution
		Debug|Any CPU = Debug|Any CPU
		Release|Any CPU = Release|Any CPU
	EndGlobalSection
	GlobalSection(ProjectConfigurationPlatforms) = postSolution
		{22330E9A-A132-4075-9C6B-B8FDD2424323}.Debug|Any CPU.ActiveCfg = Debug|Any CPU
		{22330E9A-A132-4075-9C6B-B8FDD2424323}.Debug|Any CPU.Build.0 = Debug|Any CPU
		{22330E9A-A132-4075-9C6B-B8FDD2424323}.Release|Any CPU.ActiveCfg = Release|Any CPU
		{22330E9A-A132-4075-9C6B-B8FDD2424323}.Release|Any CPU.Build.0 = Release|Any CPU
		{1CEB3580-1B0D-4268-B842-F5B1354628CE}.Debug|Any CPU.ActiveCfg = Debug|Any CPU
		{1CEB3580-1B0D-4268-B842-F5B1354628CE}.Debug|Any CPU.Build.0 = Debug|Any CPU
		{1CEB3580-1B0D-4268-B842-F5B1354628CE}.Release|Any CPU.ActiveCfg = Release|Any CPU
		{1CEB3580-1B0D-4268-B842-F5B1354628CE}.Release|Any CPU.Build.0 = Release|Any CPU
		{4426E47E-A2EA-45D3-AD8B-991165C1E1AA}.Debug|Any CPU.ActiveCfg = Debug|Any CPU
		{4426E47E-A2EA-45D3-AD8B-991165C1E1AA}.Debug|Any CPU.Build.0 = Debug|Any CPU
		{4426E47E-A2EA-45D3-AD8B-991165C1E1AA}.Release|Any CPU.ActiveCfg = Release|Any CPU
		{4426E47E-A2EA-45D3-AD8B-991165C1E1AA}.Release|Any CPU.Build.0 = Release|Any CPU
		{9A766B9D-5CFB-423A-B4EB-2EA2099799F4}.Debug|Any CPU.ActiveCfg = Debug|Any CPU
		{9A766B9D-5CFB-423A-B4EB-2EA2099799F4}.Debug|Any CPU.Build.0 = Debug|Any CPU
		{9A766B9D-5CFB-423A-B4EB-2EA2099799F4}.Release|Any CPU.ActiveCfg = Release|Any CPU
		{9A766B9D-5CFB-423A-B4EB-2EA2099799F4}.Release|Any CPU.Build.0 = Release|Any CPU
		{4F9BD333-6675-4930-A950-6C9E17D80A5C}.Debug|Any CPU.ActiveCfg = Debug|Any CPU
		{4F9BD333-6675-4930-A950-6C9E17D80A5C}.Debug|Any CPU.Build.0 = Debug|Any CPU
		{4F9BD333-6675-4930-A950-6C9E17D80A5C}.Release|Any CPU.ActiveCfg = Release|Any CPU
		{4F9BD333-6675-4930-A950-6C9E17D80A5C}.Release|Any CPU.Build.0 = Release|Any CPU
		{3C15B7AC-F574-43E3-8004-C03468093AA8}.Debug|Any CPU.ActiveCfg = Debug|Any CPU
		{3C15B7AC-F574-43E3-8004-C03468093AA8}.Debug|Any CPU.Build.0 = Debug|Any CPU
		{3C15B7AC-F574-43E3-8004-C03468093AA8}.Release|Any CPU.ActiveCfg = Release|Any CPU
		{3C15B7AC-F574-43E3-8004-C03468093AA8}.Release|Any CPU.Build.0 = Release|Any CPU
		{A6896007-3169-4508-8F37-4ECAF14E48C7}.Debug|Any CPU.ActiveCfg = Debug|Any CPU
		{A6896007-3169-4508-8F37-4ECAF14E48C7}.Debug|Any CPU.Build.0 = Debug|Any CPU
		{A6896007-3169-4508-8F37-4ECAF14E48C7}.Release|Any CPU.ActiveCfg = Release|Any CPU
		{A6896007-3169-4508-8F37-4ECAF14E48C7}.Release|Any CPU.Build.0 = Release|Any CPU
		{C93093A4-FBE3-4CC8-BB60-398B1CC73A51}.Debug|Any CPU.ActiveCfg = Debug|Any CPU
		{C93093A4-FBE3-4CC8-BB60-398B1CC73A51}.Debug|Any CPU.Build.0 = Debug|Any CPU
		{C93093A4-FBE3-4CC8-BB60-398B1CC73A51}.Release|Any CPU.ActiveCfg = Release|Any CPU
		{C93093A4-FBE3-4CC8-BB60-398B1CC73A51}.Release|Any CPU.Build.0 = Release|Any CPU
		{4B4C5BA8-50EE-4260-BAFF-AE84D0EC3567}.Debug|Any CPU.ActiveCfg = Debug|Any CPU
		{4B4C5BA8-50EE-4260-BAFF-AE84D0EC3567}.Debug|Any CPU.Build.0 = Debug|Any CPU
		{4B4C5BA8-50EE-4260-BAFF-AE84D0EC3567}.Release|Any CPU.ActiveCfg = Release|Any CPU
		{4B4C5BA8-50EE-4260-BAFF-AE84D0EC3567}.Release|Any CPU.Build.0 = Release|Any CPU
		{C03714FC-2E7A-420F-9D0E-16AF02EEDDA1}.Debug|Any CPU.ActiveCfg = Debug|Any CPU
		{C03714FC-2E7A-420F-9D0E-16AF02EEDDA1}.Debug|Any CPU.Build.0 = Debug|Any CPU
		{C03714FC-2E7A-420F-9D0E-16AF02EEDDA1}.Release|Any CPU.ActiveCfg = Release|Any CPU
		{C03714FC-2E7A-420F-9D0E-16AF02EEDDA1}.Release|Any CPU.Build.0 = Release|Any CPU
		{AF2A1884-5B67-4CD6-990C-9E097D3B0E33}.Debug|Any CPU.ActiveCfg = Debug|Any CPU
		{AF2A1884-5B67-4CD6-990C-9E097D3B0E33}.Debug|Any CPU.Build.0 = Debug|Any CPU
		{AF2A1884-5B67-4CD6-990C-9E097D3B0E33}.Release|Any CPU.ActiveCfg = Release|Any CPU
		{AF2A1884-5B67-4CD6-990C-9E097D3B0E33}.Release|Any CPU.Build.0 = Release|Any CPU
		{2F56AED6-ADE2-476E-93BF-F49BA5C43C24}.Debug|Any CPU.ActiveCfg = Debug|Any CPU
		{2F56AED6-ADE2-476E-93BF-F49BA5C43C24}.Debug|Any CPU.Build.0 = Debug|Any CPU
		{2F56AED6-ADE2-476E-93BF-F49BA5C43C24}.Release|Any CPU.ActiveCfg = Release|Any CPU
		{2F56AED6-ADE2-476E-93BF-F49BA5C43C24}.Release|Any CPU.Build.0 = Release|Any CPU
	EndGlobalSection
	GlobalSection(SolutionProperties) = preSolution
		HideSolutionNode = FALSE
	EndGlobalSection
	GlobalSection(NestedProjects) = preSolution
		{86535F32-45D9-4413-9C15-B398A72CB338} = {3EF9DBFE-7771-49D0-8608-32B3F048C744}
		{22330E9A-A132-4075-9C6B-B8FDD2424323} = {86535F32-45D9-4413-9C15-B398A72CB338}
		{874C08E8-3EB2-4AE1-AAC4-4678969D61F3} = {3EF9DBFE-7771-49D0-8608-32B3F048C744}
		{4426E47E-A2EA-45D3-AD8B-991165C1E1AA} = {874C08E8-3EB2-4AE1-AAC4-4678969D61F3}
		{711D5739-8879-481F-AC18-C94AFC4C0495} = {3EF9DBFE-7771-49D0-8608-32B3F048C744}
		{9A766B9D-5CFB-423A-B4EB-2EA2099799F4} = {711D5739-8879-481F-AC18-C94AFC4C0495}
		{4F9BD333-6675-4930-A950-6C9E17D80A5C} = {711D5739-8879-481F-AC18-C94AFC4C0495}
		{63044D91-9D3C-46F8-8995-A7E1B62BF517} = {3EF9DBFE-7771-49D0-8608-32B3F048C744}
		{3C15B7AC-F574-43E3-8004-C03468093AA8} = {63044D91-9D3C-46F8-8995-A7E1B62BF517}
		{A6896007-3169-4508-8F37-4ECAF14E48C7} = {63044D91-9D3C-46F8-8995-A7E1B62BF517}
		{C93093A4-FBE3-4CC8-BB60-398B1CC73A51} = {63044D91-9D3C-46F8-8995-A7E1B62BF517}
		{4B4C5BA8-50EE-4260-BAFF-AE84D0EC3567} = {63044D91-9D3C-46F8-8995-A7E1B62BF517}
		{C03714FC-2E7A-420F-9D0E-16AF02EEDDA1} = {FD14C3A4-68B6-4F57-BB79-73E35BFA90C3}
		{AF2A1884-5B67-4CD6-990C-9E097D3B0E33} = {6278318E-DD58-4041-9A8C-8D6E99EA1391}
		{2F56AED6-ADE2-476E-93BF-F49BA5C43C24} = {6278318E-DD58-4041-9A8C-8D6E99EA1391}
	EndGlobalSection
	GlobalSection(ExtensibilityGlobals) = postSolution
		SolutionGuid = {8ECF7BF3-AA9F-4F7B-B11B-4C3FD1C1BB20}
	EndGlobalSection
EndGlobal
